
Microsoft Visual Studio Solution File, Format Version 12.00
# Visual Studio 15
VisualStudioVersion = 15.0.26403.0
MinimumVisualStudioVersion = 10.0.40219.1
Project("{FAE04EC0-301F-11D3-BF4B-00C04F79EFBC}") = "NLipsum.Tests", "NLipsum.Tests\NLipsum.Tests.csproj", "{AF224227-95BD-4939-BD40-FD992D07A36C}"
EndProject
Project("{FAE04EC0-301F-11D3-BF4B-00C04F79EFBC}") = "NLipsum.Core", "NLipsum.Core\NLipsum.Core.csproj", "{800E8048-2D52-4469-BAF6-6DFBB0E77FEA}"
EndProject
Project("{FAE04EC0-301F-11D3-BF4B-00C04F79EFBC}") = "NLipsum.Portable", "NLipsum.Portable\NLipsum.Portable.csproj", "{62AF86B0-1128-46E3-A9BB-75B9BB72071A}"
EndProject
Project("{FAE04EC0-301F-11D3-BF4B-00C04F79EFBC}") = "NLipsum.Tests.Portable", "NLipsum.Tests.Portable\NLipsum.Tests.Portable.csproj", "{C6BDD7F2-4253-44BD-A8B1-AB585E00DA5A}"
EndProject
Project("{FAE04EC0-301F-11D3-BF4B-00C04F79EFBC}") = "NLipsum.NetStd", "NLipsum.NetStd\NLipsum.NetStd.csproj", "{A9E9C0ED-7C81-40A9-8C5B-F6CDD49E5598}"
EndProject
Project("{FAE04EC0-301F-11D3-BF4B-00C04F79EFBC}") = "NLipsum.Tests.NetStd", "NLipsum.Tests.NetStd\NLipsum.Tests.NetStd.csproj", "{1696AE60-40C8-4A62-9049-E763D8FC504F}"
EndProject
Project("{2150E333-8FDC-42A3-9474-1A3956D46DE8}") = "Solution Items", "Solution Items", "{6E654576-77F5-4E02-9374-5B5DD5F9D5BD}"
	ProjectSection(SolutionItems) = preProject
		NLipsum.nuspec = NLipsum.nuspec
	EndProjectSection
EndProject
Global
	GlobalSection(SolutionConfigurationPlatforms) = preSolution
		Debug|Any CPU = Debug|Any CPU
		Release|Any CPU = Release|Any CPU
	EndGlobalSection
	GlobalSection(ProjectConfigurationPlatforms) = postSolution
		{AF224227-95BD-4939-BD40-FD992D07A36C}.Debug|Any CPU.ActiveCfg = Debug|Any CPU
		{AF224227-95BD-4939-BD40-FD992D07A36C}.Debug|Any CPU.Build.0 = Debug|Any CPU
		{AF224227-95BD-4939-BD40-FD992D07A36C}.Release|Any CPU.ActiveCfg = Release|Any CPU
		{AF224227-95BD-4939-BD40-FD992D07A36C}.Release|Any CPU.Build.0 = Release|Any CPU
		{800E8048-2D52-4469-BAF6-6DFBB0E77FEA}.Debug|Any CPU.ActiveCfg = Debug|Any CPU
		{800E8048-2D52-4469-BAF6-6DFBB0E77FEA}.Debug|Any CPU.Build.0 = Debug|Any CPU
		{800E8048-2D52-4469-BAF6-6DFBB0E77FEA}.Release|Any CPU.ActiveCfg = Release|Any CPU
		{800E8048-2D52-4469-BAF6-6DFBB0E77FEA}.Release|Any CPU.Build.0 = Release|Any CPU
		{62AF86B0-1128-46E3-A9BB-75B9BB72071A}.Debug|Any CPU.ActiveCfg = Debug|Any CPU
		{62AF86B0-1128-46E3-A9BB-75B9BB72071A}.Debug|Any CPU.Build.0 = Debug|Any CPU
		{62AF86B0-1128-46E3-A9BB-75B9BB72071A}.Release|Any CPU.ActiveCfg = Release|Any CPU
		{62AF86B0-1128-46E3-A9BB-75B9BB72071A}.Release|Any CPU.Build.0 = Release|Any CPU
		{C6BDD7F2-4253-44BD-A8B1-AB585E00DA5A}.Debug|Any CPU.ActiveCfg = Debug|Any CPU
		{C6BDD7F2-4253-44BD-A8B1-AB585E00DA5A}.Debug|Any CPU.Build.0 = Debug|Any CPU
		{C6BDD7F2-4253-44BD-A8B1-AB585E00DA5A}.Release|Any CPU.ActiveCfg = Release|Any CPU
		{C6BDD7F2-4253-44BD-A8B1-AB585E00DA5A}.Release|Any CPU.Build.0 = Release|Any CPU
		{A9E9C0ED-7C81-40A9-8C5B-F6CDD49E5598}.Debug|Any CPU.ActiveCfg = Debug|Any CPU
		{A9E9C0ED-7C81-40A9-8C5B-F6CDD49E5598}.Debug|Any CPU.Build.0 = Debug|Any CPU
		{A9E9C0ED-7C81-40A9-8C5B-F6CDD49E5598}.Release|Any CPU.ActiveCfg = Release|Any CPU
		{A9E9C0ED-7C81-40A9-8C5B-F6CDD49E5598}.Release|Any CPU.Build.0 = Release|Any CPU
		{1696AE60-40C8-4A62-9049-E763D8FC504F}.Debug|Any CPU.ActiveCfg = Debug|Any CPU
		{1696AE60-40C8-4A62-9049-E763D8FC504F}.Debug|Any CPU.Build.0 = Debug|Any CPU
		{1696AE60-40C8-4A62-9049-E763D8FC504F}.Release|Any CPU.ActiveCfg = Release|Any CPU
		{1696AE60-40C8-4A62-9049-E763D8FC504F}.Release|Any CPU.Build.0 = Release|Any CPU
	EndGlobalSection
	GlobalSection(SolutionProperties) = preSolution
		HideSolutionNode = FALSE
	EndGlobalSection
EndGlobal
